
Microsoft Visual Studio Solution File, Format Version 12.00
# Visual Studio Version 16
VisualStudioVersion = 16.0.32630.194
MinimumVisualStudioVersion = 10.0.40219.1
Project("{FAE04EC0-301F-11D3-BF4B-00C04F79EFBC}") = "SkinStoreApi", "SkinStoreApi\SkinStoreApi.csproj", "{058CB22E-C9AC-4E72-9B41-DFD42240E86A}"
EndProject
Global
	GlobalSection(SolutionConfigurationPlatforms) = preSolution
		Debug|Any CPU = Debug|Any CPU
		Release|Any CPU = Release|Any CPU
	EndGlobalSection
	GlobalSection(ProjectConfigurationPlatforms) = postSolution
		{058CB22E-C9AC-4E72-9B41-DFD42240E86A}.Debug|Any CPU.ActiveCfg = Debug|Any CPU
		{058CB22E-C9AC-4E72-9B41-DFD42240E86A}.Debug|Any CPU.Build.0 = Debug|Any CPU
		{058CB22E-C9AC-4E72-9B41-DFD42240E86A}.Release|Any CPU.ActiveCfg = Release|Any CPU
		{058CB22E-C9AC-4E72-9B41-DFD42240E86A}.Release|Any CPU.Build.0 = Release|Any CPU
	EndGlobalSection
	GlobalSection(SolutionProperties) = preSolution
		HideSolutionNode = FALSE
	EndGlobalSection
	GlobalSection(ExtensibilityGlobals) = postSolution
		SolutionGuid = {E9C8BFAD-EDDF-447E-8C7D-7C3D23541148}
	EndGlobalSection
EndGlobal
